
Microsoft Visual Studio Solution File, Format Version 12.00
# Visual Studio Version 17
VisualStudioVersion = 17.2.32602.215
MinimumVisualStudioVersion = 10.0.40219.1
Project("{FAE04EC0-301F-11D3-BF4B-00C04F79EFBC}") = "practiseDemo", "practiseDemo\practiseDemo.csproj", "{16774B04-B941-4A81-AE05-E5D35F8762C3}"
EndProject
Global
	GlobalSection(SolutionConfigurationPlatforms) = preSolution
		Debug|Any CPU = Debug|Any CPU
		Release|Any CPU = Release|Any CPU
	EndGlobalSection
	GlobalSection(ProjectConfigurationPlatforms) = postSolution
		{16774B04-B941-4A81-AE05-E5D35F8762C3}.Debug|Any CPU.ActiveCfg = Debug|Any CPU
		{16774B04-B941-4A81-AE05-E5D35F8762C3}.Debug|Any CPU.Build.0 = Debug|Any CPU
		{16774B04-B941-4A81-AE05-E5D35F8762C3}.Release|Any CPU.ActiveCfg = Release|Any CPU
		{16774B04-B941-4A81-AE05-E5D35F8762C3}.Release|Any CPU.Build.0 = Release|Any CPU
	EndGlobalSection
	GlobalSection(SolutionProperties) = preSolution
		HideSolutionNode = FALSE
	EndGlobalSection
	GlobalSection(ExtensibilityGlobals) = postSolution
		SolutionGuid = {79907E74-4356-48B9-ABC6-1BE73B62BD66}
	EndGlobalSection
EndGlobal
